<?xml version="1.0" encoding="utf-8"?>
<Project ToolsVersion="4.0" xmlns="http://schemas.microsoft.com/developer/msbuild/2003">
  <ItemGroup>
    <Filter Include="소스 파일">
      <UniqueIdentifier>{4FC737F1-C7A5-4376-A066-2A32D752A2FF}</UniqueIdentifier>
      <Extensions>cpp;c;cc;cxx;c++;cppm;ixx;def;odl;idl;hpj;bat;asm;asmx</Extensions>
    </Filter>
    <Filter Include="헤더 파일">
      <UniqueIdentifier>{93995380-89BD-4b04-88EB-625FBE52EBFB}</UniqueIdentifier>
      <Extensions>h;hh;hpp;hxx;h++;hm;inl;inc;ipp;xsd</Extensions>
    </Filter>
    <Filter Include="리소스 파일">
      <UniqueIdentifier>{67DA6AB6-F800-4c08-8B7A-83BB121AAD01}</UniqueIdentifier>
      <Extensions>rc;ico;cur;bmp;dlg;rc2;rct;bin;rgs;gif;jpg;jpeg;jpe;resx;tiff;tif;png;wav;mfcribbon-ms</Extensions>
    </Filter>
    <Filter Include="00. MainGame">
      <UniqueIdentifier>{63e38140-986b-4d7d-9791-03b044489d5c}</UniqueIdentifier>
    </Filter>
    <Filter Include="01. Obj">
      <UniqueIdentifier>{86f66da8-7e2f-49fe-b4af-d5ada4d42cef}</UniqueIdentifier>
    </Filter>
    <Filter Include="Manager">
      <UniqueIdentifier>{50e03ed4-33af-46d2-959a-35bfb13fcdad}</UniqueIdentifier>
    </Filter>
    <Filter Include="Pattern">
      <UniqueIdentifier>{40c34516-bc07-46ba-add2-599e7ca6bc89}</UniqueIdentifier>
    </Filter>
    <Filter Include="Pattern\AbstractFactory">
      <UniqueIdentifier>{fe37c5fd-9ae4-4de7-b38f-ba65095d123a}</UniqueIdentifier>
    </Filter>
    <Filter Include="Manager\BmpManager">
      <UniqueIdentifier>{d7c1d66c-66f2-46a8-99a0-09c2194ae101}</UniqueIdentifier>
    </Filter>
    <Filter Include="Manager\BmpManager\MyBmp">
      <UniqueIdentifier>{672d53cb-23f0-4192-aca9-ce80605185ad}</UniqueIdentifier>
    </Filter>
    <Filter Include="Manager\CollisionManager">
      <UniqueIdentifier>{befd0430-9075-45ee-94c8-00c2d1f639eb}</UniqueIdentifier>
    </Filter>
    <Filter Include="Manager\KeyManager">
      <UniqueIdentifier>{b6be9c75-8a34-49c4-96d2-7f0c225e3e52}</UniqueIdentifier>
    </Filter>
    <Filter Include="02. Scene">
      <UniqueIdentifier>{5cee39f5-32d9-43fc-93a4-79a353cf892d}</UniqueIdentifier>
    </Filter>
    <Filter Include="02. Scene\Edit">
      <UniqueIdentifier>{78229097-efcc-4f3b-a255-5a5d8a1d75d1}</UniqueIdentifier>
    </Filter>
    <Filter Include="02. Scene\Menu">
      <UniqueIdentifier>{4056f71f-a1f4-46af-a21c-408efe39679a}</UniqueIdentifier>
    </Filter>
    <Filter Include="02. Scene\Stage">
      <UniqueIdentifier>{f50110ba-8ee1-4b92-9dbd-239f5e772f0d}</UniqueIdentifier>
    </Filter>
    <Filter Include="01. Obj\Mouse">
      <UniqueIdentifier>{f95fdea8-4581-4576-b65a-e3a770daa9d4}</UniqueIdentifier>
    </Filter>
    <Filter Include="01. Obj\Button">
      <UniqueIdentifier>{a37225fa-2134-4262-a5ba-6eb501c9c27a}</UniqueIdentifier>
    </Filter>
    <Filter Include="02. Scene\Title">
      <UniqueIdentifier>{fc1a7bcb-b968-4ba0-9937-0d8c78d64ac7}</UniqueIdentifier>
    </Filter>
    <Filter Include="01. Obj\00. Player">
      <UniqueIdentifier>{128c2caf-dc51-41e3-b591-f83d7853e949}</UniqueIdentifier>
    </Filter>
    <Filter Include="Manager\CameraManager">
      <UniqueIdentifier>{c2834919-d8da-41f1-aad3-bd91d942e805}</UniqueIdentifier>
    </Filter>
    <Filter Include="Manager\LineManager">
      <UniqueIdentifier>{c2b696c3-3f7f-48d3-bfbb-f49730e655ae}</UniqueIdentifier>
    </Filter>
    <Filter Include="Manager\LineManager\Line">
      <UniqueIdentifier>{3a7211b7-bfbe-48ae-b4c2-8a98868dc10e}</UniqueIdentifier>
    </Filter>
    <Filter Include="Manager\ObjManager">
      <UniqueIdentifier>{1038006b-349c-4056-a41b-43aec31e6d8e}</UniqueIdentifier>
    </Filter>
    <Filter Include="Manager\SceneManager">
      <UniqueIdentifier>{575de360-8dfc-45e2-b64e-3a0bbc85928e}</UniqueIdentifier>
    </Filter>
    <Filter Include="Manager\ScrollManager">
      <UniqueIdentifier>{66e5ff2a-8597-4161-845d-072d08755aa5}</UniqueIdentifier>
    </Filter>
    <Filter Include="Manager\TileManager">
      <UniqueIdentifier>{3724316b-2efb-4fff-ae7f-1eca37aac353}</UniqueIdentifier>
    </Filter>
    <Filter Include="Manager\TileManager\Tile">
      <UniqueIdentifier>{ad6ad49c-5863-4359-8428-2e1046787991}</UniqueIdentifier>
    </Filter>
    <Filter Include="Tree">
      <UniqueIdentifier>{bca68d92-7f42-4d21-bdde-cd37e27f5a42}</UniqueIdentifier>
    </Filter>
    <Filter Include="Tree\QuadTree">
      <UniqueIdentifier>{c736fce7-dd7b-486f-9856-2024afab5b6d}</UniqueIdentifier>
    </Filter>
    <Filter Include="01. Obj\00. Player\State">
      <UniqueIdentifier>{e4b5e376-41e0-4d5c-8ff9-b678f0188637}</UniqueIdentifier>
    </Filter>
    <Filter Include="UI">
      <UniqueIdentifier>{f805044d-57ee-4e16-af3e-8b2ba74c20a8}</UniqueIdentifier>
    </Filter>
    <Filter Include="Manager\UIManager">
      <UniqueIdentifier>{5b6c22f5-f598-4b73-801d-87ea94b4f46c}</UniqueIdentifier>
    </Filter>
    <Filter Include="01. Obj\01. Boss">
      <UniqueIdentifier>{ad362d1a-a4c4-46e7-bd5c-9b9548a9443f}</UniqueIdentifier>
    </Filter>
    <Filter Include="Tree\BehaviorTree">
      <UniqueIdentifier>{a0be47f6-c8f0-4061-bb28-66a841bb6534}</UniqueIdentifier>
    </Filter>
    <Filter Include="01. Obj\01. Boss\State">
      <UniqueIdentifier>{a50c6654-fa82-4262-9424-d7b2668bfe9d}</UniqueIdentifier>
    </Filter>
    <Filter Include="Manager\SoundManager">
      <UniqueIdentifier>{5b33e887-68ec-4fd4-8066-389785cf96de}</UniqueIdentifier>
    </Filter>
    <Filter Include="01. Obj\Skul">
      <UniqueIdentifier>{aad9d677-096b-40eb-8910-6cbc86b782a5}</UniqueIdentifier>
    </Filter>
    <Filter Include="Manager\EffectManager">
      <UniqueIdentifier>{ecbe64fc-457d-499d-9813-83609e13a320}</UniqueIdentifier>
    </Filter>
    <Filter Include="Manager\RandomManager">
      <UniqueIdentifier>{fb47b47d-6a56-4218-b26b-34d23682697f}</UniqueIdentifier>
    </Filter>
  </ItemGroup>
  <ItemGroup>
    <ClInclude Include="framework.h">
      <Filter>헤더 파일</Filter>
    </ClInclude>
    <ClInclude Include="targetver.h">
      <Filter>헤더 파일</Filter>
    </ClInclude>
    <ClInclude Include="Resource.h">
      <Filter>헤더 파일</Filter>
    </ClInclude>
    <ClInclude Include="Skul_Imitation.h">
      <Filter>헤더 파일</Filter>
    </ClInclude>
    <ClInclude Include="pch.h">
      <Filter>헤더 파일</Filter>
    </ClInclude>
    <ClInclude Include="Define.h">
      <Filter>헤더 파일</Filter>
    </ClInclude>
    <ClInclude Include="CMainGame.h">
      <Filter>00. MainGame</Filter>
    </ClInclude>
    <ClInclude Include="CObj.h">
      <Filter>01. Obj</Filter>
    </ClInclude>
    <ClInclude Include="CAbstractFactory.h">
      <Filter>Pattern\AbstractFactory</Filter>
    </ClInclude>
    <ClInclude Include="CMyBmp.h">
      <Filter>Manager\BmpManager\MyBmp</Filter>
    </ClInclude>
    <ClInclude Include="CBmpMgr.h">
      <Filter>Manager\BmpManager</Filter>
    </ClInclude>
    <ClInclude Include="CCollisionMgr.h">
      <Filter>Manager\CollisionManager</Filter>
    </ClInclude>
    <ClInclude Include="CKeyMgr.h">
      <Filter>Manager\KeyManager</Filter>
    </ClInclude>
    <ClInclude Include="CLineMgr.h">
      <Filter>Manager\LineManager</Filter>
    </ClInclude>
    <ClInclude Include="CLine.h">
      <Filter>Manager\LineManager\Line</Filter>
    </ClInclude>
    <ClInclude Include="CObjMgr.h">
      <Filter>Manager\ObjManager</Filter>
    </ClInclude>
    <ClInclude Include="CSceneMgr.h">
      <Filter>Manager\SceneManager</Filter>
    </ClInclude>
    <ClInclude Include="CScrollMgr.h">
      <Filter>Manager\ScrollManager</Filter>
    </ClInclude>
    <ClInclude Include="CTileMgr.h">
      <Filter>Manager\TileManager</Filter>
    </ClInclude>
    <ClInclude Include="CTile.h">
      <Filter>Manager\TileManager\Tile</Filter>
    </ClInclude>
    <ClInclude Include="CEdit.h">
      <Filter>02. Scene\Edit</Filter>
    </ClInclude>
    <ClInclude Include="CMenu.h">
      <Filter>02. Scene\Menu</Filter>
    </ClInclude>
    <ClInclude Include="CTitle.h">
      <Filter>02. Scene\Title</Filter>
    </ClInclude>
    <ClInclude Include="CStage.h">
      <Filter>02. Scene\Stage</Filter>
    </ClInclude>
    <ClInclude Include="CScene.h">
      <Filter>02. Scene</Filter>
    </ClInclude>
    <ClInclude Include="CMouse.h">
      <Filter>01. Obj\Mouse</Filter>
    </ClInclude>
    <ClInclude Include="CButton.h">
      <Filter>01. Obj\Button</Filter>
    </ClInclude>
    <ClInclude Include="CPlayer.h">
      <Filter>01. Obj\00. Player</Filter>
    </ClInclude>
    <ClInclude Include="CCameraMgr.h">
      <Filter>Manager\CameraManager</Filter>
    </ClInclude>
    <ClInclude Include="CQuadTree.h">
      <Filter>Tree\QuadTree</Filter>
    </ClInclude>
    <ClInclude Include="EPlayerState.h">
      <Filter>01. Obj\00. Player\State</Filter>
    </ClInclude>
    <ClInclude Include="CState.h">
      <Filter>01. Obj\00. Player\State</Filter>
    </ClInclude>
    <ClInclude Include="CIdleState.h">
      <Filter>01. Obj\00. Player\State</Filter>
    </ClInclude>
    <ClInclude Include="CWalkState.h">
      <Filter>01. Obj\00. Player\State</Filter>
    </ClInclude>
    <ClInclude Include="CAttackState.h">
      <Filter>01. Obj\00. Player\State</Filter>
    </ClInclude>
    <ClInclude Include="CDashState.h">
      <Filter>01. Obj\00. Player\State</Filter>
    </ClInclude>
    <ClInclude Include="CJumpStartState.h">
      <Filter>01. Obj\00. Player\State</Filter>
    </ClInclude>
    <ClInclude Include="CRisingState.h">
      <Filter>01. Obj\00. Player\State</Filter>
    </ClInclude>
    <ClInclude Include="CFallState.h">
      <Filter>01. Obj\00. Player\State</Filter>
    </ClInclude>
    <ClInclude Include="CUIPortrait.h">
      <Filter>UI</Filter>
    </ClInclude>
    <ClInclude Include="CUIHealthBar.h">
      <Filter>UI</Filter>
    </ClInclude>
    <ClInclude Include="CUIWallet.h">
      <Filter>UI</Filter>
    </ClInclude>
    <ClInclude Include="CUIMgr.h">
      <Filter>Manager\UIManager</Filter>
    </ClInclude>
    <ClInclude Include="CUISkul.h">
      <Filter>UI</Filter>
    </ClInclude>
    <ClInclude Include="BehaviorNode.h">
      <Filter>Tree\BehaviorTree</Filter>
    </ClInclude>
    <ClInclude Include="CBoss.h">
      <Filter>01. Obj\01. Boss</Filter>
    </ClInclude>
    <ClInclude Include="IState.h">
      <Filter>01. Obj</Filter>
    </ClInclude>
    <ClInclude Include="CAttackCollider.h">
      <Filter>헤더 파일</Filter>
    </ClInclude>
    <ClInclude Include="CBossAttackState.h">
      <Filter>01. Obj\01. Boss\State</Filter>
    </ClInclude>
    <ClInclude Include="CBossIdleState.h">
      <Filter>01. Obj\01. Boss\State</Filter>
    </ClInclude>
    <ClInclude Include="CHitBox.h">
      <Filter>헤더 파일</Filter>
    </ClInclude>
    <ClInclude Include="CSoundMgr.h">
      <Filter>Manager\SoundManager</Filter>
    </ClInclude>
    <ClInclude Include="fmod.h">
      <Filter>헤더 파일</Filter>
    </ClInclude>
    <ClInclude Include="fmod.hpp">
      <Filter>헤더 파일</Filter>
    </ClInclude>
    <ClInclude Include="fmod_codec.h">
      <Filter>헤더 파일</Filter>
    </ClInclude>
    <ClInclude Include="fmod_dsp.h">
      <Filter>헤더 파일</Filter>
    </ClInclude>
    <ClInclude Include="fmod_errors.h">
      <Filter>헤더 파일</Filter>
    </ClInclude>
    <ClInclude Include="fmod_memoryinfo.h">
      <Filter>헤더 파일</Filter>
    </ClInclude>
    <ClInclude Include="fmod_output.h">
      <Filter>헤더 파일</Filter>
    </ClInclude>
    <ClInclude Include="CSkulHead.h">
      <Filter>01. Obj\Skul</Filter>
    </ClInclude>
    <ClInclude Include="CSkulHeadNormal.h">
      <Filter>01. Obj\Skul</Filter>
    </ClInclude>
    <ClInclude Include="CThrownHead.h">
      <Filter>01. Obj\Skul</Filter>
    </ClInclude>
    <ClInclude Include="CSkillState.h">
      <Filter>01. Obj\00. Player\State</Filter>
    </ClInclude>
    <ClInclude Include="CSkulSamurai.h">
      <Filter>01. Obj\Skul</Filter>
    </ClInclude>
    <ClInclude Include="CSkulZinSamurai.h">
      <Filter>01. Obj\Skul</Filter>
    </ClInclude>
    <ClInclude Include="CBossDuoDashFromEdge.h">
      <Filter>01. Obj\01. Boss\State</Filter>
    </ClInclude>
    <ClInclude Include="CBossShootLightning.h">
      <Filter>01. Obj\01. Boss\State</Filter>
    </ClInclude>
    <ClInclude Include="CBossDashAttack.h">
      <Filter>01. Obj\01. Boss\State</Filter>
    </ClInclude>
    <ClInclude Include="CBossDive.h">
      <Filter>01. Obj\01. Boss\State</Filter>
    </ClInclude>
    <ClInclude Include="CBossDuoDive.h">
      <Filter>01. Obj\01. Boss\State</Filter>
    </ClInclude>
    <ClInclude Include="CBossDuoShootingLightning.h">
      <Filter>01. Obj\01. Boss\State</Filter>
    </ClInclude>
    <ClInclude Include="CBossStage.h">
      <Filter>02. Scene\Stage</Filter>
    </ClInclude>
    <ClInclude Include="CProjectile.h">
      <Filter>헤더 파일</Filter>
    </ClInclude>
    <ClInclude Include="CLightningProjectile.h">
      <Filter>헤더 파일</Filter>
    </ClInclude>
    <ClInclude Include="EBossStateType.h">
      <Filter>헤더 파일</Filter>
    </ClInclude>
    <ClInclude Include="CBossController.h">
      <Filter>헤더 파일</Filter>
    </ClInclude>
    <ClInclude Include="CBossWaitState.h">
      <Filter>01. Obj\01. Boss\State</Filter>
    </ClInclude>
    <ClInclude Include="CTutorialUI.h">
      <Filter>헤더 파일</Filter>
    </ClInclude>
    <ClInclude Include="CEffect.h">
      <Filter>헤더 파일</Filter>
    </ClInclude>
    <ClInclude Include="CEffectMgr.h">
      <Filter>Manager\EffectManager</Filter>
    </ClInclude>
    <ClInclude Include="CRandomMgr.h">
      <Filter>Manager\RandomManager</Filter>
    </ClInclude>
  </ItemGroup>
  <ItemGroup>
    <ClCompile Include="Skul_Imitation.cpp">
      <Filter>소스 파일</Filter>
    </ClCompile>
    <ClCompile Include="pch.cpp">
      <Filter>소스 파일</Filter>
    </ClCompile>
    <ClCompile Include="CMainGame.cpp">
      <Filter>00. MainGame</Filter>
    </ClCompile>
    <ClCompile Include="CObj.cpp">
      <Filter>01. Obj</Filter>
    </ClCompile>
    <ClCompile Include="CMyBmp.cpp">
      <Filter>Manager\BmpManager\MyBmp</Filter>
    </ClCompile>
    <ClCompile Include="CBmpMgr.cpp">
      <Filter>Manager\BmpManager</Filter>
    </ClCompile>
    <ClCompile Include="CCollisionMgr.cpp">
      <Filter>Manager\CollisionManager</Filter>
    </ClCompile>
    <ClCompile Include="CKeyMgr.cpp">
      <Filter>Manager\KeyManager</Filter>
    </ClCompile>
    <ClCompile Include="CLineMgr.cpp">
      <Filter>Manager\LineManager</Filter>
    </ClCompile>
    <ClCompile Include="CLine.cpp">
      <Filter>Manager\LineManager\Line</Filter>
    </ClCompile>
    <ClCompile Include="CObjMgr.cpp">
      <Filter>Manager\ObjManager</Filter>
    </ClCompile>
    <ClCompile Include="CSceneMgr.cpp">
      <Filter>Manager\SceneManager</Filter>
    </ClCompile>
    <ClCompile Include="CScrollMgr.cpp">
      <Filter>Manager\ScrollManager</Filter>
    </ClCompile>
    <ClCompile Include="CTileMgr.cpp">
      <Filter>Manager\TileManager</Filter>
    </ClCompile>
    <ClCompile Include="CTile.cpp">
      <Filter>Manager\TileManager\Tile</Filter>
    </ClCompile>
    <ClCompile Include="CEdit.cpp">
      <Filter>02. Scene\Edit</Filter>
    </ClCompile>
    <ClCompile Include="CMenu.cpp">
      <Filter>02. Scene\Menu</Filter>
    </ClCompile>
    <ClCompile Include="CTitle.cpp">
      <Filter>02. Scene\Title</Filter>
    </ClCompile>
    <ClCompile Include="CStage.cpp">
      <Filter>02. Scene\Stage</Filter>
    </ClCompile>
    <ClCompile Include="CScene.cpp">
      <Filter>02. Scene</Filter>
    </ClCompile>
    <ClCompile Include="CMouse.cpp">
      <Filter>01. Obj\Mouse</Filter>
    </ClCompile>
    <ClCompile Include="CButton.cpp">
      <Filter>01. Obj\Button</Filter>
    </ClCompile>
    <ClCompile Include="CPlayer.cpp">
      <Filter>01. Obj\00. Player</Filter>
    </ClCompile>
    <ClCompile Include="CCameraMgr.cpp">
      <Filter>Manager\CameraManager</Filter>
    </ClCompile>
    <ClCompile Include="CQuadTree.cpp">
      <Filter>Tree\QuadTree</Filter>
    </ClCompile>
    <ClCompile Include="CIdleState.cpp">
      <Filter>01. Obj\00. Player\State</Filter>
    </ClCompile>
    <ClCompile Include="CWalkState.cpp">
      <Filter>01. Obj\00. Player\State</Filter>
    </ClCompile>
    <ClCompile Include="CAttackState.cpp">
      <Filter>01. Obj\00. Player\State</Filter>
    </ClCompile>
    <ClCompile Include="CDashState.cpp">
      <Filter>01. Obj\00. Player\State</Filter>
    </ClCompile>
    <ClCompile Include="CJumpStartState.cpp">
      <Filter>01. Obj\00. Player\State</Filter>
    </ClCompile>
    <ClCompile Include="CRisingState.cpp">
      <Filter>01. Obj\00. Player\State</Filter>
    </ClCompile>
    <ClCompile Include="CFallState.cpp">
      <Filter>01. Obj\00. Player\State</Filter>
    </ClCompile>
    <ClCompile Include="CUIPortrait.cpp">
      <Filter>UI</Filter>
    </ClCompile>
    <ClCompile Include="CUIHealthBar.cpp">
      <Filter>UI</Filter>
    </ClCompile>
    <ClCompile Include="CUIWallet.cpp">
      <Filter>UI</Filter>
    </ClCompile>
    <ClCompile Include="CUIMgr.cpp">
      <Filter>Manager\UIManager</Filter>
    </ClCompile>
    <ClCompile Include="CUISkul.cpp">
      <Filter>UI</Filter>
    </ClCompile>
    <ClCompile Include="BehaviorNode.cpp">
      <Filter>Tree\BehaviorTree</Filter>
    </ClCompile>
    <ClCompile Include="CBoss.cpp">
      <Filter>01. Obj\01. Boss</Filter>
    </ClCompile>
    <ClCompile Include="IState.cpp">
      <Filter>01. Obj</Filter>
    </ClCompile>
    <ClCompile Include="CAttackCollider.cpp">
      <Filter>소스 파일</Filter>
    </ClCompile>
    <ClCompile Include="CBossAttackState.cpp">
      <Filter>01. Obj\01. Boss\State</Filter>
    </ClCompile>
    <ClCompile Include="CBossIdleState.cpp">
      <Filter>01. Obj\01. Boss\State</Filter>
    </ClCompile>
    <ClCompile Include="CHitBox.cpp">
      <Filter>소스 파일</Filter>
    </ClCompile>
    <ClCompile Include="CSoundMgr.cpp">
      <Filter>Manager\SoundManager</Filter>
    </ClCompile>
    <ClCompile Include="CSkulHead.cpp">
      <Filter>01. Obj\Skul</Filter>
    </ClCompile>
    <ClCompile Include="CSkulHeadNormal.cpp">
      <Filter>01. Obj\Skul</Filter>
    </ClCompile>
    <ClCompile Include="CThrownHead.cpp">
      <Filter>01. Obj\Skul</Filter>
    </ClCompile>
    <ClCompile Include="CSkillState.cpp">
      <Filter>01. Obj\00. Player\State</Filter>
    </ClCompile>
    <ClCompile Include="CSkulSamurai.cpp">
      <Filter>01. Obj\Skul</Filter>
    </ClCompile>
    <ClCompile Include="CSkulZinSamurai.cpp">
      <Filter>01. Obj\Skul</Filter>
    </ClCompile>
    <ClCompile Include="CBossDuoDashFromEdge.cpp">
      <Filter>01. Obj\01. Boss\State</Filter>
    </ClCompile>
    <ClCompile Include="CBossShootLightning.cpp">
      <Filter>01. Obj\01. Boss\State</Filter>
    </ClCompile>
    <ClCompile Include="CBossDashAttack.cpp">
      <Filter>01. Obj\01. Boss\State</Filter>
    </ClCompile>
    <ClCompile Include="CBossDive.cpp">
      <Filter>01. Obj\01. Boss\State</Filter>
    </ClCompile>
    <ClCompile Include="CBossDuoDive.cpp">
      <Filter>01. Obj\01. Boss\State</Filter>
    </ClCompile>
    <ClCompile Include="CBossDuoShootingLightning.cpp">
      <Filter>01. Obj\01. Boss\State</Filter>
    </ClCompile>
    <ClCompile Include="CBossStage.cpp">
      <Filter>02. Scene\Stage</Filter>
    </ClCompile>
    <ClCompile Include="CProjectile.cpp">
      <Filter>소스 파일</Filter>
    </ClCompile>
    <ClCompile Include="CLightningProjectile.cpp">
      <Filter>소스 파일</Filter>
    </ClCompile>
    <ClCompile Include="CBossController.cpp">
      <Filter>소스 파일</Filter>
    </ClCompile>
    <ClCompile Include="CBossWaitState.cpp">
      <Filter>01. Obj\01. Boss\State</Filter>
    </ClCompile>
    <ClCompile Include="CTutorialUI.cpp">
      <Filter>소스 파일</Filter>
    </ClCompile>
    <ClCompile Include="CEffect.cpp">
      <Filter>소스 파일</Filter>
    </ClCompile>
    <ClCompile Include="CEffectMgr.cpp">
      <Filter>Manager\EffectManager</Filter>
    </ClCompile>
    <ClCompile Include="CRandomMgr.cpp">
      <Filter>Manager\RandomManager</Filter>
    </ClCompile>
  </ItemGroup>
  <ItemGroup>
    <ResourceCompile Include="Skul_Imitation.rc">
      <Filter>리소스 파일</Filter>
    </ResourceCompile>
  </ItemGroup>
  <ItemGroup>
    <Image Include="small.ico">
      <Filter>리소스 파일</Filter>
    </Image>
    <Image Include="Skul_Imitation.ico">
      <Filter>리소스 파일</Filter>
    </Image>
  </ItemGroup>
  <ItemGroup>
    <None Include="fmodex.dll" />
    <None Include="fmodexL.dll" />
  </ItemGroup>
  <ItemGroup>
    <Library Include="fmodex_vc.lib" />
  </ItemGroup>
</Project>